
Microsoft Visual Studio Solution File, Format Version 12.00
# Visual Studio Version 16
VisualStudioVersion = 16.0.33130.400
MinimumVisualStudioVersion = 10.0.40219.1
Project("{FAE04EC0-301F-11D3-BF4B-00C04F79EFBC}") = "практика 3 задание 3", "практика 3 задание 3.csproj", "{2DBDCE58-BE61-49B8-ACD5-F32428B68E7B}"
EndProject
Global
	GlobalSection(SolutionConfigurationPlatforms) = preSolution
		Debug|Any CPU = Debug|Any CPU
		Release|Any CPU = Release|Any CPU
	EndGlobalSection
	GlobalSection(ProjectConfigurationPlatforms) = postSolution
		{2DBDCE58-BE61-49B8-ACD5-F32428B68E7B}.Debug|Any CPU.ActiveCfg = Debug|Any CPU
		{2DBDCE58-BE61-49B8-ACD5-F32428B68E7B}.Debug|Any CPU.Build.0 = Debug|Any CPU
		{2DBDCE58-BE61-49B8-ACD5-F32428B68E7B}.Release|Any CPU.ActiveCfg = Release|Any CPU
		{2DBDCE58-BE61-49B8-ACD5-F32428B68E7B}.Release|Any CPU.Build.0 = Release|Any CPU
	EndGlobalSection
	GlobalSection(SolutionProperties) = preSolution
		HideSolutionNode = FALSE
	EndGlobalSection
	GlobalSection(ExtensibilityGlobals) = postSolution
		SolutionGuid = {C1A1062D-FE89-465C-AF17-7F3C1CFAF0E7}
	EndGlobalSection
EndGlobal
